
Microsoft Visual Studio Solution File, Format Version 12.00
# Visual Studio 15
VisualStudioVersion = 15.0.28307.902
MinimumVisualStudioVersion = 10.0.40219.1
Project("{FAE04EC0-301F-11D3-BF4B-00C04F79EFBC}") = "hw3", "hw3\hw3.csproj", "{3BCD632A-0972-41E6-8B7E-809BC7940ABF}"
EndProject
Global
	GlobalSection(SolutionConfigurationPlatforms) = preSolution
		Debug|Any CPU = Debug|Any CPU
		Release|Any CPU = Release|Any CPU
	EndGlobalSection
	GlobalSection(ProjectConfigurationPlatforms) = postSolution
		{3BCD632A-0972-41E6-8B7E-809BC7940ABF}.Debug|Any CPU.ActiveCfg = Debug|Any CPU
		{3BCD632A-0972-41E6-8B7E-809BC7940ABF}.Debug|Any CPU.Build.0 = Debug|Any CPU
		{3BCD632A-0972-41E6-8B7E-809BC7940ABF}.Release|Any CPU.ActiveCfg = Release|Any CPU
		{3BCD632A-0972-41E6-8B7E-809BC7940ABF}.Release|Any CPU.Build.0 = Release|Any CPU
	EndGlobalSection
	GlobalSection(SolutionProperties) = preSolution
		HideSolutionNode = FALSE
	EndGlobalSection
	GlobalSection(ExtensibilityGlobals) = postSolution
		SolutionGuid = {BB80B0A5-4500-4BFF-B9F8-AB5B3128D8EF}
	EndGlobalSection
EndGlobal
